
Microsoft Visual Studio Solution File, Format Version 12.00
# Visual Studio Version 16
VisualStudioVersion = 16.0.29519.87
MinimumVisualStudioVersion = 10.0.40219.1
Project("{FAE04EC0-301F-11D3-BF4B-00C04F79EFBC}") = "PresentationLayer", "PresentationLayer\PresentationLayer.csproj", "{648F4CB3-5B55-485C-8AA9-A04FAEC9A577}"
EndProject
Project("{FAE04EC0-301F-11D3-BF4B-00C04F79EFBC}") = "DataAccessLayer", "DataAccessLayer\DataAccessLayer.csproj", "{6B9849AC-CA2F-41AD-9839-29BA05FEFE0C}"
EndProject
Project("{FAE04EC0-301F-11D3-BF4B-00C04F79EFBC}") = "BusinessLogicLayer", "BusinessLogicLayer\BusinessLogicLayer.csproj", "{53EB4FAB-5607-48D3-BBFD-4EBD45824742}"
EndProject
Project("{FAE04EC0-301F-11D3-BF4B-00C04F79EFBC}") = "DataTransferObject", "DataTransferObject\DataTransferObject.csproj", "{A38A512A-7DD7-4841-95B6-189F67BD9DE7}"
EndProject
Project("{FAE04EC0-301F-11D3-BF4B-00C04F79EFBC}") = "Core", "Core\Core.csproj", "{806C6DAD-55C5-4B77-9FC4-A8DFBBB027FF}"
EndProject
Project("{2150E333-8FDC-42A3-9474-1A3956D46DE8}") = "Solution Items", "Solution Items", "{BA214C98-65F5-4EF1-96D1-4C207E042362}"
	ProjectSection(SolutionItems) = preProject
		.editorconfig = .editorconfig
	EndProjectSection
EndProject
Global
	GlobalSection(SolutionConfigurationPlatforms) = preSolution
		Debug|Any CPU = Debug|Any CPU
		Release|Any CPU = Release|Any CPU
	EndGlobalSection
	GlobalSection(ProjectConfigurationPlatforms) = postSolution
		{648F4CB3-5B55-485C-8AA9-A04FAEC9A577}.Debug|Any CPU.ActiveCfg = Debug|Any CPU
		{648F4CB3-5B55-485C-8AA9-A04FAEC9A577}.Debug|Any CPU.Build.0 = Debug|Any CPU
		{648F4CB3-5B55-485C-8AA9-A04FAEC9A577}.Release|Any CPU.ActiveCfg = Release|Any CPU
		{648F4CB3-5B55-485C-8AA9-A04FAEC9A577}.Release|Any CPU.Build.0 = Release|Any CPU
		{6B9849AC-CA2F-41AD-9839-29BA05FEFE0C}.Debug|Any CPU.ActiveCfg = Debug|Any CPU
		{6B9849AC-CA2F-41AD-9839-29BA05FEFE0C}.Debug|Any CPU.Build.0 = Debug|Any CPU
		{6B9849AC-CA2F-41AD-9839-29BA05FEFE0C}.Release|Any CPU.ActiveCfg = Release|Any CPU
		{6B9849AC-CA2F-41AD-9839-29BA05FEFE0C}.Release|Any CPU.Build.0 = Release|Any CPU
		{53EB4FAB-5607-48D3-BBFD-4EBD45824742}.Debug|Any CPU.ActiveCfg = Debug|Any CPU
		{53EB4FAB-5607-48D3-BBFD-4EBD45824742}.Debug|Any CPU.Build.0 = Debug|Any CPU
		{53EB4FAB-5607-48D3-BBFD-4EBD45824742}.Release|Any CPU.ActiveCfg = Release|Any CPU
		{53EB4FAB-5607-48D3-BBFD-4EBD45824742}.Release|Any CPU.Build.0 = Release|Any CPU
		{A38A512A-7DD7-4841-95B6-189F67BD9DE7}.Debug|Any CPU.ActiveCfg = Debug|Any CPU
		{A38A512A-7DD7-4841-95B6-189F67BD9DE7}.Debug|Any CPU.Build.0 = Debug|Any CPU
		{A38A512A-7DD7-4841-95B6-189F67BD9DE7}.Release|Any CPU.ActiveCfg = Release|Any CPU
		{A38A512A-7DD7-4841-95B6-189F67BD9DE7}.Release|Any CPU.Build.0 = Release|Any CPU
		{806C6DAD-55C5-4B77-9FC4-A8DFBBB027FF}.Debug|Any CPU.ActiveCfg = Debug|Any CPU
		{806C6DAD-55C5-4B77-9FC4-A8DFBBB027FF}.Debug|Any CPU.Build.0 = Debug|Any CPU
		{806C6DAD-55C5-4B77-9FC4-A8DFBBB027FF}.Release|Any CPU.ActiveCfg = Release|Any CPU
		{806C6DAD-55C5-4B77-9FC4-A8DFBBB027FF}.Release|Any CPU.Build.0 = Release|Any CPU
	EndGlobalSection
	GlobalSection(SolutionProperties) = preSolution
		HideSolutionNode = FALSE
	EndGlobalSection
	GlobalSection(ExtensibilityGlobals) = postSolution
		SolutionGuid = {09B9AAF9-65D5-498D-9BDC-C81A899092B1}
	EndGlobalSection
EndGlobal
